// !$*UTF8*$!
{
	archiveVersion = 1;
	classes = {
	};
	objectVersion = 46;
	objects = {

/* Begin PBXBuildFile section */
		A15322C61A3EEB5B00849D15 /* AppDelegate.swift in Sources */ = {isa = PBXBuildFile; fileRef = A15322C51A3EEB5B00849D15 /* AppDelegate.swift */; };
		A15322C81A3EEB5B00849D15 /* ViewController.swift in Sources */ = {isa = PBXBuildFile; fileRef = A15322C71A3EEB5B00849D15 /* ViewController.swift */; };
		A15322CB1A3EEB5B00849D15 /* Main.storyboard in Resources */ = {isa = PBXBuildFile; fileRef = A15322C91A3EEB5B00849D15 /* Main.storyboard */; };
		A15322CD1A3EEB5B00849D15 /* Images.xcassets in Resources */ = {isa = PBXBuildFile; fileRef = A15322CC1A3EEB5B00849D15 /* Images.xcassets */; };
		A15322D01A3EEB5B00849D15 /* LaunchScreen.xib in Resources */ = {isa = PBXBuildFile; fileRef = A15322CE1A3EEB5B00849D15 /* LaunchScreen.xib */; };
		A15322DC1A3EEB5B00849D15 /* MDTestTests.swift in Sources */ = {isa = PBXBuildFile; fileRef = A15322DB1A3EEB5B00849D15 /* MDTestTests.swift */; };
/* End PBXBuildFile section */

/* Begin PBXContainerItemProxy section */
		A15322D61A3EEB5B00849D15 /* PBXContainerItemProxy */ = {
			isa = PBXContainerItemProxy;
			containerPortal = A15322B81A3EEB5B00849D15 /* Project object */;
			proxyType = 1;
			remoteGlobalIDString = A15322BF1A3EEB5B00849D15;
			remoteInfo = MDTest;
		};
/* End PBXContainerItemProxy section */

/* Begin PBXFileReference section */
		A15322C01A3EEB5B00849D15 /* MDTest.app */ = {isa = PBXFileReference; explicitFileType = wrapper.application; includeInIndex = 0; path = MDTest.app; sourceTree = BUILT_PRODUCTS_DIR; };
		A15322C41A3EEB5B00849D15 /* Info.plist */ = {isa = PBXFileReference; lastKnownFileType = text.plist.xml; path = Info.plist; sourceTree = "<group>"; };
		A15322C51A3EEB5B00849D15 /* AppDelegate.swift */ = {isa = PBXFileReference; lastKnownFileType = sourcecode.swift; path = AppDelegate.swift; sourceTree = "<group>"; };
		A15322C71A3EEB5B00849D15 /* ViewController.swift */ = {isa = PBXFileReference; lastKnownFileType = sourcecode.swift; path = ViewController.swift; sourceTree = "<group>"; };
		A15322CA1A3EEB5B00849D15 /* Base */ = {isa = PBXFileReference; lastKnownFileType = file.storyboard; name = Base; path = Base.lproj/Main.storyboard; sourceTree = "<group>"; };
		A15322CC1A3EEB5B00849D15 /* Images.xcassets */ = {isa = PBXFileReference; lastKnownFileType = folder.assetcatalog; path = Images.xcassets; sourceTree = "<group>"; };
		A15322CF1A3EEB5B00849D15 /* Base */ = {isa = PBXFileReference; lastKnownFileType = file.xib; name = Base; path = Base.lproj/LaunchScreen.xib; sourceTree = "<group>"; };
		A15322D51A3EEB5B00849D15 /* MDTestTests.xctest */ = {isa = PBXFileReference; explicitFileType = wrapper.cfbundle; includeInIndex = 0; path = MDTestTests.xctest; sourceTree = BUILT_PRODUCTS_DIR; };
		A15322DA1A3EEB5B00849D15 /* Info.plist */ = {isa = PBXFileReference; lastKnownFileType = text.plist.xml; path = Info.plist; sourceTree = "<group>"; };
		A15322DB1A3EEB5B00849D15 /* MDTestTests.swift */ = {isa = PBXFileReference; lastKnownFileType = sourcecode.swift; path = MDTestTests.swift; sourceTree = "<group>"; };
/* End PBXFileReference section */

/* Begin PBXFrameworksBuildPhase section */
		A15322BD1A3EEB5B00849D15 /* Frameworks */ = {
			isa = PBXFrameworksBuildPhase;
			buildActionMask = 2147483647;
			files = (
			);
			runOnlyForDeploymentPostprocessing = 0;
		};
		A15322D21A3EEB5B00849D15 /* Frameworks */ = {
			isa = PBXFrameworksBuildPhase;
			buildActionMask = 2147483647;
			files = (
			);
			runOnlyForDeploymentPostprocessing = 0;
		};
/* End PBXFrameworksBuildPhase section */

/* Begin PBXGroup section */
		A15322B71A3EEB5B00849D15 = {
			isa = PBXGroup;
			children = (
				A15322C21A3EEB5B00849D15 /* MDTest */,
				A15322D81A3EEB5B00849D15 /* MDTestTests */,
				A15322C11A3EEB5B00849D15 /* Products */,
			);
			sourceTree = "<group>";
		};
		A15322C11A3EEB5B00849D15 /* Products */ = {
			isa = PBXGroup;
			children = (
				A15322C01A3EEB5B00849D15 /* MDTest.app */,
				A15322D51A3EEB5B00849D15 /* MDTestTests.xctest */,
			);
			name = Products;
			sourceTree = "<group>";
		};
		A15322C21A3EEB5B00849D15 /* MDTest */ = {
			isa = PBXGroup;
			children = (
				A15322C51A3EEB5B00849D15 /* AppDelegate.swift */,
				A15322C71A3EEB5B00849D15 /* ViewController.swift */,
				A15322C91A3EEB5B00849D15 /* Main.storyboard */,
				A15322CC1A3EEB5B00849D15 /* Images.xcassets */,
				A15322CE1A3EEB5B00849D15 /* LaunchScreen.xib */,
				A15322C31A3EEB5B00849D15 /* Supporting Files */,
			);
			path = MDTest;
			sourceTree = "<group>";
		};
		A15322C31A3EEB5B00849D15 /* Supporting Files */ = {
			isa = PBXGroup;
			children = (
				A15322C41A3EEB5B00849D15 /* Info.plist */,
			);
			name = "Supporting Files";
			sourceTree = "<group>";
		};
		A15322D81A3EEB5B00849D15 /* MDTestTests */ = {
			isa = PBXGroup;
			children = (
				A15322DB1A3EEB5B00849D15 /* MDTestTests.swift */,
				A15322D91A3EEB5B00849D15 /* Supporting Files */,
			);
			path = MDTestTests;
			sourceTree = "<group>";
		};
		A15322D91A3EEB5B00849D15 /* Supporting Files */ = {
			isa = PBXGroup;
			children = (
				A15322DA1A3EEB5B00849D15 /* Info.plist */,
			);
			name = "Supporting Files";
			sourceTree = "<group>";
		};
/* End PBXGroup section */

/* Begin PBXNativeTarget section */
		A15322BF1A3EEB5B00849D15 /* MDTest */ = {
			isa = PBXNativeTarget;
			buildConfigurationList = A15322DF1A3EEB5B00849D15 /* Build configuration list for PBXNativeTarget "MDTest" */;
			buildPhases = (
				A15322BC1A3EEB5B00849D15 /* Sources */,
				A15322BD1A3EEB5B00849D15 /* Frameworks */,
				A15322BE1A3EEB5B00849D15 /* Resources */,
			);
			buildRules = (
			);
			dependencies = (
			);
			name = MDTest;
			productName = MDTest;
			productReference = A15322C01A3EEB5B00849D15 /* MDTest.app */;
			productType = "com.apple.product-type.application";
		};
		A15322D41A3EEB5B00849D15 /* MDTestTests */ = {
			isa = PBXNativeTarget;
			buildConfigurationList = A15322E21A3EEB5B00849D15 /* Build configuration list for PBXNativeTarget "MDTestTests" */;
			buildPhases = (
				A15322D11A3EEB5B00849D15 /* Sources */,
				A15322D21A3EEB5B00849D15 /* Frameworks */,
				A15322D31A3EEB5B00849D15 /* Resources */,
			);
			buildRules = (
			);
			dependencies = (
				A15322D71A3EEB5B00849D15 /* PBXTargetDependency */,
			);
			name = MDTestTests;
			productName = MDTestTests;
			productReference = A15322D51A3EEB5B00849D15 /* MDTestTests.xctest */;
			productType = "com.apple.product-type.bundle.unit-test";
		};
/* End PBXNativeTarget section */

/* Begin PBXProject section */
		A15322B81A3EEB5B00849D15 /* Project object */ = {
			isa = PBXProject;
			attributes = {
				LastUpgradeCheck = 0610;
				ORGANIZATIONNAME = taptix;
				TargetAttributes = {
					A15322BF1A3EEB5B00849D15 = {
						CreatedOnToolsVersion = 6.1.1;
					};
					A15322D41A3EEB5B00849D15 = {
						CreatedOnToolsVersion = 6.1.1;
						TestTargetID = A15322BF1A3EEB5B00849D15;
					};
				};
			};
			buildConfigurationList = A15322BB1A3EEB5B00849D15 /* Build configuration list for PBXProject "MDTest" */;
			compatibilityVersion = "Xcode 3.2";
			developmentRegion = English;
			hasScannedForEncodings = 0;
			knownRegions = (
				en,
				Base,
			);
			mainGroup = A15322B71A3EEB5B00849D15;
			productRefGroup = A15322C11A3EEB5B00849D15 /* Products */;
			projectDirPath = "";
			projectRoot = "";
			targets = (
				A15322BF1A3EEB5B00849D15 /* MDTest */,
				A15322D41A3EEB5B00849D15 /* MDTestTests */,
			);
		};
/* End PBXProject section */

/* Begin PBXResourcesBuildPhase section */
		A15322BE1A3EEB5B00849D15 /* Resources */ = {
			isa = PBXResourcesBuildPhase;
			buildActionMask = 2147483647;
			files = (
				A15322CB1A3EEB5B00849D15 /* Main.storyboard in Resources */,
				A15322D01A3EEB5B00849D15 /* LaunchScreen.xib in Resources */,
				A15322CD1A3EEB5B00849D15 /* Images.xcassets in Resources */,
			);
			runOnlyForDeploymentPostprocessing = 0;
		};
		A15322D31A3EEB5B00849D15 /* Resources */ = {
			isa = PBXResourcesBuildPhase;
			buildActionMask = 2147483647;
			files = (
			);
			runOnlyForDeploymentPostprocessing = 0;
		};
/* End PBXResourcesBuildPhase section */

/* Begin PBXSourcesBuildPhase section */
		A15322BC1A3EEB5B00849D15 /* Sources */ = {
			isa = PBXSourcesBuildPhase;
			buildActionMask = 2147483647;
			files = (
				A15322C81A3EEB5B00849D15 /* ViewController.swift in Sources */,
				A15322C61A3EEB5B00849D15 /* AppDelegate.swift in Sources */,
			);
			runOnlyForDeploymentPostprocessing = 0;
		};
		A15322D11A3EEB5B00849D15 /* Sources */ = {
			isa = PBXSourcesBuildPhase;
			buildActionMask = 2147483647;
			files = (
				A15322DC1A3EEB5B00849D15 /* MDTestTests.swift in Sources */,
			);
			runOnlyForDeploymentPostprocessing = 0;
		};
/* End PBXSourcesBuildPhase section */

/* Begin PBXTargetDependency section */
		A15322D71A3EEB5B00849D15 /* PBXTargetDependency */ = {
			isa = PBXTargetDependency;
			target = A15322BF1A3EEB5B00849D15 /* MDTest */;
			targetProxy = A15322D61A3EEB5B00849D15 /* PBXContainerItemProxy */;
		};
/* End PBXTargetDependency section */

/* Begin PBXVariantGroup section */
		A15322C91A3EEB5B00849D15 /* Main.storyboard */ = {
			isa = PBXVariantGroup;
			children = (
				A15322CA1A3EEB5B00849D15 /* Base */,
			);
			name = Main.storyboard;
			sourceTree = "<group>";
		};
		A15322CE1A3EEB5B00849D15 /* LaunchScreen.xib */ = {
			isa = PBXVariantGroup;
			children = (
				A15322CF1A3EEB5B00849D15 /* Base */,
			);
			name = LaunchScreen.xib;
			sourceTree = "<group>";
		};
/* End PBXVariantGroup section */

/* Begin XCBuildConfiguration section */
		A15322DD1A3EEB5B00849D15 /* Debug */ = {
			isa = XCBuildConfiguration;
			buildSettings = {
				ALWAYS_SEARCH_USER_PATHS = NO;
				CLANG_CXX_LANGUAGE_STANDARD = "gnu++0x";
				CLANG_CXX_LIBRARY = "libc++";
				CLANG_ENABLE_MODULES = YES;
				CLANG_ENABLE_OBJC_ARC = YES;
				CLANG_WARN_BOOL_CONVERSION = YES;
				CLANG_WARN_CONSTANT_CONVERSION = YES;
				CLANG_WARN_DIRECT_OBJC_ISA_USAGE = YES_ERROR;
				CLANG_WARN_EMPTY_BODY = YES;
				CLANG_WARN_ENUM_CONVERSION = YES;
				CLANG_WARN_INT_CONVERSION = YES;
				CLANG_WARN_OBJC_ROOT_CLASS = YES_ERROR;
				CLANG_WARN_UNREACHABLE_CODE = YES;
				CLANG_WARN__DUPLICATE_METHOD_MATCH = YES;
				"CODE_SIGN_IDENTITY[sdk=iphoneos*]" = "iPhone Developer";
				COPY_PHASE_STRIP = NO;
				ENABLE_STRICT_OBJC_MSGSEND = YES;
				GCC_C_LANGUAGE_STANDARD = gnu99;
				GCC_DYNAMIC_NO_PIC = NO;
				GCC_OPTIMIZATION_LEVEL = 0;
				GCC_PREPROCESSOR_DEFINITIONS = (
					"DEBUG=1",
					"$(inherited)",
				);
				GCC_SYMBOLS_PRIVATE_EXTERN = NO;
				GCC_WARN_64_TO_32_BIT_CONVERSION = YES;
				GCC_WARN_ABOUT_RETURN_TYPE = YES_ERROR;
				GCC_WARN_UNDECLARED_SELECTOR = YES;
				GCC_WARN_UNINITIALIZED_AUTOS = YES_AGGRESSIVE;
				GCC_WARN_UNUSED_FUNCTION = YES;
				GCC_WARN_UNUSED_VARIABLE = YES;
				IPHONEOS_DEPLOYMENT_TARGET = 8.1;
				MTL_ENABLE_DEBUG_INFO = YES;
				ONLY_ACTIVE_ARCH = YES;
				SDKROOT = iphoneos;
				SWIFT_OPTIMIZATION_LEVEL = "-Onone";
				TARGETED_DEVICE_FAMILY = "1,2";
			};
			name = Debug;
		};
		A15322DE1A3EEB5B00849D15 /* Release */ = {
			isa = XCBuildConfiguration;
			buildSettings = {
				ALWAYS_SEARCH_USER_PATHS = NO;
				CLANG_CXX_LANGUAGE_STANDARD = "gnu++0x";
				CLANG_CXX_LIBRARY = "libc++";
				CLANG_ENABLE_MODULES = YES;
				CLANG_ENABLE_OBJC_ARC = YES;
				CLANG_WARN_BOOL_CONVERSION = YES;
				CLANG_WARN_CONSTANT_CONVERSION = YES;
				CLANG_WARN_DIRECT_OBJC_ISA_USAGE = YES_ERROR;
				CLANG_WARN_EMPTY_BODY = YES;
				CLANG_WARN_ENUM_CONVERSION = YES;
				CLANG_WARN_INT_CONVERSION = YES;
				CLANG_WARN_OBJC_ROOT_CLASS = YES_ERROR;
				CLANG_WARN_UNREACHABLE_CODE = YES;
				CLANG_WARN__DUPLICATE_METHOD_MATCH = YES;
				"CODE_SIGN_IDENTITY[sdk=iphoneos*]" = "iPhone Developer";
				COPY_PHASE_STRIP = YES;
				ENABLE_NS_ASSERTIONS = NO;
				ENABLE_STRICT_OBJC_MSGSEND = YES;
				GCC_C_LANGUAGE_STANDARD = gnu99;
				GCC_WARN_64_TO_32_BIT_CONVERSION = YES;
				GCC_WARN_ABOUT_RETURN_TYPE = YES_ERROR;
				GCC_WARN_UNDECLARED_SELECTOR = YES;
				GCC_WARN_UNINITIALIZED_AUTOS = YES_AGGRESSIVE;
				GCC_WARN_UNUSED_FUNCTION = YES;
				GCC_WARN_UNUSED_VARIABLE = YES;
				IPHONEOS_DEPLOYMENT_TARGET = 8.1;
				MTL_ENABLE_DEBUG_INFO = NO;
				SDKROOT = iphoneos;
				TARGETED_DEVICE_FAMILY = "1,2";
				VALIDATE_PRODUCT = YES;
			};
			name = Release;
		};
		A15322E01A3EEB5B00849D15 /* Debug */ = {
			isa = XCBuildConfiguration;
			buildSettings = {
				ASSETCATALOG_COMPILER_APPICON_NAME = AppIcon;
				INFOPLIST_FILE = MDTest/Info.plist;
				LD_RUNPATH_SEARCH_PATHS = "$(inherited) @executable_path/Frameworks";
				PRODUCT_NAME = "$(TARGET_NAME)";
			};
			name = Debug;
		};
		A15322E11A3EEB5B00849D15 /* Release */ = {
			isa = XCBuildConfiguration;
			buildSettings = {
				ASSETCATALOG_COMPILER_APPICON_NAME = AppIcon;
				INFOPLIST_FILE = MDTest/Info.plist;
				LD_RUNPATH_SEARCH_PATHS = "$(inherited) @executable_path/Frameworks";
				PRODUCT_NAME = "$(TARGET_NAME)";
			};
			name = Release;
		};
		A15322E31A3EEB5B00849D15 /* Debug */ = {
			isa = XCBuildConfiguration;
			buildSettings = {
				BUNDLE_LOADER = "$(TEST_HOST)";
				FRAMEWORK_SEARCH_PATHS = (
					"$(SDKROOT)/Developer/Library/Frameworks",
					"$(inherited)",
				);
				GCC_PREPROCESSOR_DEFINITIONS = (
					"DEBUG=1",
					"$(inherited)",
				);
				INFOPLIST_FILE = MDTestTests/Info.plist;
				LD_RUNPATH_SEARCH_PATHS = "$(inherited) @executable_path/Frameworks @loader_path/Frameworks";
				PRODUCT_NAME = "$(TARGET_NAME)";
				TEST_HOST = "$(BUILT_PRODUCTS_DIR)/MDTest.app/MDTest";
			};
			name = Debug;
		};
		A15322E41A3EEB5B00849D15 /* Release */ = {
			isa = XCBuildConfiguration;
			buildSettings = {
				BUNDLE_LOADER = "$(TEST_HOST)";
				FRAMEWORK_SEARCH_PATHS = (
					"$(SDKROOT)/Developer/Library/Frameworks",
					"$(inherited)",
				);
				INFOPLIST_FILE = MDTestTests/Info.plist;
				LD_RUNPATH_SEARCH_PATHS = "$(inherited) @executable_path/Frameworks @loader_path/Frameworks";
				PRODUCT_NAME = "$(TARGET_NAME)";
				TEST_HOST = "$(BUILT_PRODUCTS_DIR)/MDTest.app/MDTest";
			};
			name = Release;
		};
/* End XCBuildConfiguration section */

/* Begin XCConfigurationList section */
		A15322BB1A3EEB5B00849D15 /* Build configuration list for PBXProject "MDTest" */ = {
			isa = XCConfigurationList;
			buildConfigurations = (
				A15322DD1A3EEB5B00849D15 /* Debug */,
				A15322DE1A3EEB5B00849D15 /* Release */,
			);
			defaultConfigurationIsVisible = 0;
			defaultConfigurationName = Release;
		};
		A15322DF1A3EEB5B00849D15 /* Build configuration list for PBXNativeTarget "MDTest" */ = {
			isa = XCConfigurationList;
			buildConfigurations = (
				A15322E01A3EEB5B00849D15 /* Debug */,
				A15322E11A3EEB5B00849D15 /* Release */,
			);
			defaultConfigurationIsVisible = 0;
		};
		A15322E21A3EEB5B00849D15 /* Build configuration list for PBXNativeTarget "MDTestTests" */ = {
			isa = XCConfigurationList;
			buildConfigurations = (
				A15322E31A3EEB5B00849D15 /* Debug */,
				A15322E41A3EEB5B00849D15 /* Release */,
			);
			defaultConfigurationIsVisible = 0;
		};
/* End XCConfigurationList section */
	};
	rootObject = A15322B81A3EEB5B00849D15 /* Project object */;
}
